github.com/WinPooh32/math v1.0.5 h1:w3F/tVyIPjiC0S3uRq+ioXDIjE2/p3n8gd9z0Tkegq4=
github.com/WinPooh32/math v1.0.5/go.mod h1:/1wbgRu0iLftvv22oePIv967br82NfIcRPX5cAyQP6I=
github.com/WinPooh32/series v0.3.13 h1:/5Ictv8S1HG8yzG8GdusbZqvb1PY171Dd3cDuPrU4Ro=
github.com/WinPooh32/series v0.3.13/go.mod h1:0Lm8KcG/eI1Vei8QK8cCqMN1Sy1RlUHctaQkGGAVS1Q=
